
Microsoft Visual Studio Solution File, Format Version 12.00
# Visual Studio Version 17
VisualStudioVersion = 17.8.34511.84
MinimumVisualStudioVersion = 10.0.40219.1
Project("{FAE04EC0-301F-11D3-BF4B-00C04F79EFBC}") = "MyFirstWCF", "MyFirstWCF\MyFirstWCF.csproj", "{FF864220-572E-4695-8BAB-652C9609E115}"
EndProject
Global
	GlobalSection(SolutionConfigurationPlatforms) = preSolution
		Debug|Any CPU = Debug|Any CPU
		Release|Any CPU = Release|Any CPU
	EndGlobalSection
	GlobalSection(ProjectConfigurationPlatforms) = postSolution
		{FF864220-572E-4695-8BAB-652C9609E115}.Debug|Any CPU.ActiveCfg = Debug|Any CPU
		{FF864220-572E-4695-8BAB-652C9609E115}.Debug|Any CPU.Build.0 = Debug|Any CPU
		{FF864220-572E-4695-8BAB-652C9609E115}.Release|Any CPU.ActiveCfg = Release|Any CPU
		{FF864220-572E-4695-8BAB-652C9609E115}.Release|Any CPU.Build.0 = Release|Any CPU
	EndGlobalSection
	GlobalSection(SolutionProperties) = preSolution
		HideSolutionNode = FALSE
	EndGlobalSection
	GlobalSection(ExtensibilityGlobals) = postSolution
		SolutionGuid = {E5BDA7D9-2106-4D28-9A4D-41FFDB153F06}
	EndGlobalSection
EndGlobal
